github.com/sw965/omw v0.0.0-20260809101854-648a62f8efb7 h1:RRiiXnXQ8OsZkJa1ARc5Men3ZivfHIzuwMObg0eeAuw=
github.com/sw965/omw v0.0.0-20260809101854-648a62f8efb7/go.mod h1:g6JTtXSvoI5yFHhyfWnwXBEs3NubLXq/Rl0nCFqc1j4=
golang.org/x/sys v0.47.0 h1:o7XGOvZQCADBQQ4Y7VNq2dRWQR7JmOUW8Kxx4ZsNgWs=
golang.org/x/sys v0.47.0/go.mod h1:4GL1E5IUh+htKOUEOaiffhrAeqysfVGipDYzABqnCmw=
