github.com/sw965/omw v0.0.0-20260723025923-722caecbf137 h1:FwUM0RoWmtHsmpMnL/FS9/Kmas5rIY7DLqQOdb5KXa8=
github.com/sw965/omw v0.0.0-20260723025923-722caecbf137/go.mod h1:6sxDC1FbUj7Am/WJkeefmNhGdhVNoXjSLgdraR67R5U=
golang.org/x/sys v0.40.0 h1:DBZZqJ2Rkml6QMQsZywtnjnnGvHza6BTfYFWY9kjEWQ=
golang.org/x/sys v0.40.0/go.mod h1:OgkHotnGiDImocRcuBABYBEXf8A9a87e/uXjp9XT3ks=
